// !$*UTF8*$!
{
	archiveVersion = 1;
	classes = {
	};
	objectVersion = 46;
	objects = {

/* Begin PBXBuildFile section */
		2BA3C5571EEF26AE00665739 /* main.m in Sources */ = {isa = PBXBuildFile; fileRef = 2BA3C5561EEF26AE00665739 /* main.m */; };
		2BA3C55A1EEF26AE00665739 /* AppDelegate.m in Sources */ = {isa = PBXBuildFile; fileRef = 2BA3C5591EEF26AE00665739 /* AppDelegate.m */; };
		2BA3C55D1EEF26AE00665739 /* ViewController.m in Sources */ = {isa = PBXBuildFile; fileRef = 2BA3C55C1EEF26AE00665739 /* ViewController.m */; };
		2BA3C5601EEF26AE00665739 /* Main.storyboard in Resources */ = {isa = PBXBuildFile; fileRef = 2BA3C55E1EEF26AE00665739 /* Main.storyboard */; };
		2BA3C5621EEF26AE00665739 /* Assets.xcassets in Resources */ = {isa = PBXBuildFile; fileRef = 2BA3C5611EEF26AE00665739 /* Assets.xcassets */; };
		2BA3C5651EEF26AE00665739 /* LaunchScreen.storyboard in Resources */ = {isa = PBXBuildFile; fileRef = 2BA3C5631EEF26AE00665739 /* LaunchScreen.storyboard */; };
		F8BFC9FF03194FCEF182AE59 /* Pods_AOGoogleSDK_Adapter.framework in Frameworks */ = {isa = PBXBuildFile; fileRef = DEFF1FABEE3D3B6461FEBF08 /* Pods_AOGoogleSDK_Adapter.framework */; };
/* End PBXBuildFile section */

/* Begin PBXFileReference section */
		1978C109350BF24391AE37CE /* Pods-AOGoogleSDK-Adapter.release.xcconfig */ = {isa = PBXFileReference; includeInIndex = 1; lastKnownFileType = text.xcconfig; name = "Pods-AOGoogleSDK-Adapter.release.xcconfig"; path = "Pods/Target Support Files/Pods-AOGoogleSDK-Adapter/Pods-AOGoogleSDK-Adapter.release.xcconfig"; sourceTree = "<group>"; };
		2BA3C5521EEF26AE00665739 /* AOGoogleSDK-Adapter.app */ = {isa = PBXFileReference; explicitFileType = wrapper.application; includeInIndex = 0; path = "AOGoogleSDK-Adapter.app"; sourceTree = BUILT_PRODUCTS_DIR; };
		2BA3C5561EEF26AE00665739 /* main.m */ = {isa = PBXFileReference; lastKnownFileType = sourcecode.c.objc; path = main.m; sourceTree = "<group>"; };
		2BA3C5581EEF26AE00665739 /* AppDelegate.h */ = {isa = PBXFileReference; lastKnownFileType = sourcecode.c.h; path = AppDelegate.h; sourceTree = "<group>"; };
		2BA3C5591EEF26AE00665739 /* AppDelegate.m */ = {isa = PBXFileReference; lastKnownFileType = sourcecode.c.objc; path = AppDelegate.m; sourceTree = "<group>"; };
		2BA3C55B1EEF26AE00665739 /* ViewController.h */ = {isa = PBXFileReference; lastKnownFileType = sourcecode.c.h; path = ViewController.h; sourceTree = "<group>"; };
		2BA3C55C1EEF26AE00665739 /* ViewController.m */ = {isa = PBXFileReference; lastKnownFileType = sourcecode.c.objc; path = ViewController.m; sourceTree = "<group>"; };
		2BA3C55F1EEF26AE00665739 /* Base */ = {isa = PBXFileReference; lastKnownFileType = file.storyboard; name = Base; path = Base.lproj/Main.storyboard; sourceTree = "<group>"; };
		2BA3C5611EEF26AE00665739 /* Assets.xcassets */ = {isa = PBXFileReference; lastKnownFileType = folder.assetcatalog; path = Assets.xcassets; sourceTree = "<group>"; };
		2BA3C5641EEF26AE00665739 /* Base */ = {isa = PBXFileReference; lastKnownFileType = file.storyboard; name = Base; path = Base.lproj/LaunchScreen.storyboard; sourceTree = "<group>"; };
		2BA3C5661EEF26AE00665739 /* Info.plist */ = {isa = PBXFileReference; lastKnownFileType = text.plist.xml; path = Info.plist; sourceTree = "<group>"; };
		95A4ECCF6C5010C75F0197BE /* Pods-AOGoogleSDK-Adapter.debug.xcconfig */ = {isa = PBXFileReference; includeInIndex = 1; lastKnownFileType = text.xcconfig; name = "Pods-AOGoogleSDK-Adapter.debug.xcconfig"; path = "Pods/Target Support Files/Pods-AOGoogleSDK-Adapter/Pods-AOGoogleSDK-Adapter.debug.xcconfig"; sourceTree = "<group>"; };
		DEFF1FABEE3D3B6461FEBF08 /* Pods_AOGoogleSDK_Adapter.framework */ = {isa = PBXFileReference; explicitFileType = wrapper.framework; includeInIndex = 0; path = Pods_AOGoogleSDK_Adapter.framework; sourceTree = BUILT_PRODUCTS_DIR; };
/* End PBXFileReference section */

/* Begin PBXFrameworksBuildPhase section */
		2BA3C54F1EEF26AE00665739 /* Frameworks */ = {
			isa = PBXFrameworksBuildPhase;
			buildActionMask = 2147483647;
			files = (
				F8BFC9FF03194FCEF182AE59 /* Pods_AOGoogleSDK_Adapter.framework in Frameworks */,
			);
			runOnlyForDeploymentPostprocessing = 0;
		};
/* End PBXFrameworksBuildPhase section */

/* Begin PBXGroup section */
		2BA3C5491EEF26AD00665739 = {
			isa = PBXGroup;
			children = (
				2BA3C5541EEF26AE00665739 /* AOGoogleSDK-Adapter */,
				2BA3C5531EEF26AE00665739 /* Products */,
				387902F0ABAF7A577DBB352D /* Pods */,
				5AC8A1F51724DCA51AEE4553 /* Frameworks */,
			);
			sourceTree = "<group>";
		};
		2BA3C5531EEF26AE00665739 /* Products */ = {
			isa = PBXGroup;
			children = (
				2BA3C5521EEF26AE00665739 /* AOGoogleSDK-Adapter.app */,
			);
			name = Products;
			sourceTree = "<group>";
		};
		2BA3C5541EEF26AE00665739 /* AOGoogleSDK-Adapter */ = {
			isa = PBXGroup;
			children = (
				2BA3C5581EEF26AE00665739 /* AppDelegate.h */,
				2BA3C5591EEF26AE00665739 /* AppDelegate.m */,
				2BA3C55B1EEF26AE00665739 /* ViewController.h */,
				2BA3C55C1EEF26AE00665739 /* ViewController.m */,
				2BA3C55E1EEF26AE00665739 /* Main.storyboard */,
				2BA3C5611EEF26AE00665739 /* Assets.xcassets */,
				2BA3C5631EEF26AE00665739 /* LaunchScreen.storyboard */,
				2BA3C5661EEF26AE00665739 /* Info.plist */,
				2BA3C5551EEF26AE00665739 /* Supporting Files */,
			);
			path = "AOGoogleSDK-Adapter";
			sourceTree = "<group>";
		};
		2BA3C5551EEF26AE00665739 /* Supporting Files */ = {
			isa = PBXGroup;
			children = (
				2BA3C5561EEF26AE00665739 /* main.m */,
			);
			name = "Supporting Files";
			sourceTree = "<group>";
		};
		387902F0ABAF7A577DBB352D /* Pods */ = {
			isa = PBXGroup;
			children = (
				95A4ECCF6C5010C75F0197BE /* Pods-AOGoogleSDK-Adapter.debug.xcconfig */,
				1978C109350BF24391AE37CE /* Pods-AOGoogleSDK-Adapter.release.xcconfig */,
			);
			name = Pods;
			sourceTree = "<group>";
		};
		5AC8A1F51724DCA51AEE4553 /* Frameworks */ = {
			isa = PBXGroup;
			children = (
				DEFF1FABEE3D3B6461FEBF08 /* Pods_AOGoogleSDK_Adapter.framework */,
			);
			name = Frameworks;
			sourceTree = "<group>";
		};
/* End PBXGroup section */

/* Begin PBXNativeTarget section */
		2BA3C5511EEF26AE00665739 /* AOGoogleSDK-Adapter */ = {
			isa = PBXNativeTarget;
			buildConfigurationList = 2BA3C5691EEF26AE00665739 /* Build configuration list for PBXNativeTarget "AOGoogleSDK-Adapter" */;
			buildPhases = (
				346B785BAE18C3F32CFE03E9 /* [CP] Check Pods Manifest.lock */,
				2BA3C54E1EEF26AE00665739 /* Sources */,
				2BA3C54F1EEF26AE00665739 /* Frameworks */,
				2BA3C5501EEF26AE00665739 /* Resources */,
				0FC1EF6781AFF73BB9D00DB2 /* [CP] Embed Pods Frameworks */,
				5B62AA467E748C12BD72ED01 /* [CP] Copy Pods Resources */,
			);
			buildRules = (
			);
			dependencies = (
			);
			name = "AOGoogleSDK-Adapter";
			productName = "AOGoogleSDK-Adapter";
			productReference = 2BA3C5521EEF26AE00665739 /* AOGoogleSDK-Adapter.app */;
			productType = "com.apple.product-type.application";
		};
/* End PBXNativeTarget section */

/* Begin PBXProject section */
		2BA3C54A1EEF26AE00665739 /* Project object */ = {
			isa = PBXProject;
			attributes = {
				LastUpgradeCheck = 0830;
				ORGANIZATIONNAME = "Altynbek Orumbayev";
				TargetAttributes = {
					2BA3C5511EEF26AE00665739 = {
						CreatedOnToolsVersion = 8.3.3;
						DevelopmentTeam = XNM36GWK3G;
						ProvisioningStyle = Automatic;
					};
				};
			};
			buildConfigurationList = 2BA3C54D1EEF26AE00665739 /* Build configuration list for PBXProject "AOGoogleSDK-Adapter" */;
			compatibilityVersion = "Xcode 3.2";
			developmentRegion = English;
			hasScannedForEncodings = 0;
			knownRegions = (
				en,
				Base,
			);
			mainGroup = 2BA3C5491EEF26AD00665739;
			productRefGroup = 2BA3C5531EEF26AE00665739 /* Products */;
			projectDirPath = "";
			projectRoot = "";
			targets = (
				2BA3C5511EEF26AE00665739 /* AOGoogleSDK-Adapter */,
			);
		};
/* End PBXProject section */

/* Begin PBXResourcesBuildPhase section */
		2BA3C5501EEF26AE00665739 /* Resources */ = {
			isa = PBXResourcesBuildPhase;
			buildActionMask = 2147483647;
			files = (
				2BA3C5651EEF26AE00665739 /* LaunchScreen.storyboard in Resources */,
				2BA3C5621EEF26AE00665739 /* Assets.xcassets in Resources */,
				2BA3C5601EEF26AE00665739 /* Main.storyboard in Resources */,
			);
			runOnlyForDeploymentPostprocessing = 0;
		};
/* End PBXResourcesBuildPhase section */

/* Begin PBXShellScriptBuildPhase section */
		0FC1EF6781AFF73BB9D00DB2 /* [CP] Embed Pods Frameworks */ = {
			isa = PBXShellScriptBuildPhase;
			buildActionMask = 2147483647;
			files = (
			);
			inputPaths = (
			);
			name = "[CP] Embed Pods Frameworks";
			outputPaths = (
			);
			runOnlyForDeploymentPostprocessing = 0;
			shellPath = /bin/sh;
			shellScript = "\"${SRCROOT}/Pods/Target Support Files/Pods-AOGoogleSDK-Adapter/Pods-AOGoogleSDK-Adapter-frameworks.sh\"\n";
			showEnvVarsInLog = 0;
		};
		346B785BAE18C3F32CFE03E9 /* [CP] Check Pods Manifest.lock */ = {
			isa = PBXShellScriptBuildPhase;
			buildActionMask = 2147483647;
			files = (
			);
			inputPaths = (
			);
			name = "[CP] Check Pods Manifest.lock";
			outputPaths = (
			);
			runOnlyForDeploymentPostprocessing = 0;
			shellPath = /bin/sh;
			shellScript = "diff \"${PODS_PODFILE_DIR_PATH}/Podfile.lock\" \"${PODS_ROOT}/Manifest.lock\" > /dev/null\nif [ $? != 0 ] ; then\n    # print error to STDERR\n    echo \"error: The sandbox is not in sync with the Podfile.lock. Run 'pod install' or update your CocoaPods installation.\" >&2\n    exit 1\nfi\n";
			showEnvVarsInLog = 0;
		};
		5B62AA467E748C12BD72ED01 /* [CP] Copy Pods Resources */ = {
			isa = PBXShellScriptBuildPhase;
			buildActionMask = 2147483647;
			files = (
			);
			inputPaths = (
			);
			name = "[CP] Copy Pods Resources";
			outputPaths = (
			);
			runOnlyForDeploymentPostprocessing = 0;
			shellPath = /bin/sh;
			shellScript = "\"${SRCROOT}/Pods/Target Support Files/Pods-AOGoogleSDK-Adapter/Pods-AOGoogleSDK-Adapter-resources.sh\"\n";
			showEnvVarsInLog = 0;
		};
/* End PBXShellScriptBuildPhase section */

/* Begin PBXSourcesBuildPhase section */
		2BA3C54E1EEF26AE00665739 /* Sources */ = {
			isa = PBXSourcesBuildPhase;
			buildActionMask = 2147483647;
			files = (
				2BA3C55D1EEF26AE00665739 /* ViewController.m in Sources */,
				2BA3C55A1EEF26AE00665739 /* AppDelegate.m in Sources */,
				2BA3C5571EEF26AE00665739 /* main.m in Sources */,
			);
			runOnlyForDeploymentPostprocessing = 0;
		};
/* End PBXSourcesBuildPhase section */

/* Begin PBXVariantGroup section */
		2BA3C55E1EEF26AE00665739 /* Main.storyboard */ = {
			isa = PBXVariantGroup;
			children = (
				2BA3C55F1EEF26AE00665739 /* Base */,
			);
			name = Main.storyboard;
			sourceTree = "<group>";
		};
		2BA3C5631EEF26AE00665739 /* LaunchScreen.storyboard */ = {
			isa = PBXVariantGroup;
			children = (
				2BA3C5641EEF26AE00665739 /* Base */,
			);
			name = LaunchScreen.storyboard;
			sourceTree = "<group>";
		};
/* End PBXVariantGroup section */

/* Begin XCBuildConfiguration section */
		2BA3C5671EEF26AE00665739 /* Debug */ = {
			isa = XCBuildConfiguration;
			buildSettings = {
				ALWAYS_SEARCH_USER_PATHS = NO;
				CLANG_ANALYZER_NONNULL = YES;
				CLANG_ANALYZER_NUMBER_OBJECT_CONVERSION = YES_AGGRESSIVE;
				CLANG_CXX_LANGUAGE_STANDARD = "gnu++0x";
				CLANG_CXX_LIBRARY = "libc++";
				CLANG_ENABLE_MODULES = YES;
				CLANG_ENABLE_OBJC_ARC = YES;
				CLANG_WARN_BOOL_CONVERSION = YES;
				CLANG_WARN_CONSTANT_CONVERSION = YES;
				CLANG_WARN_DIRECT_OBJC_ISA_USAGE = YES_ERROR;
				CLANG_WARN_DOCUMENTATION_COMMENTS = YES;
				CLANG_WARN_EMPTY_BODY = YES;
				CLANG_WARN_ENUM_CONVERSION = YES;
				CLANG_WARN_INFINITE_RECURSION = YES;
				CLANG_WARN_INT_CONVERSION = YES;
				CLANG_WARN_OBJC_ROOT_CLASS = YES_ERROR;
				CLANG_WARN_SUSPICIOUS_MOVE = YES;
				CLANG_WARN_UNREACHABLE_CODE = YES;
				CLANG_WARN__DUPLICATE_METHOD_MATCH = YES;
				"CODE_SIGN_IDENTITY[sdk=iphoneos*]" = "iPhone Developer";
				COPY_PHASE_STRIP = NO;
				DEBUG_INFORMATION_FORMAT = dwarf;
				ENABLE_STRICT_OBJC_MSGSEND = YES;
				ENABLE_TESTABILITY = YES;
				GCC_C_LANGUAGE_STANDARD = gnu99;
				GCC_DYNAMIC_NO_PIC = NO;
				GCC_NO_COMMON_BLOCKS = YES;
				GCC_OPTIMIZATION_LEVEL = 0;
				GCC_PREPROCESSOR_DEFINITIONS = (
					"DEBUG=1",
					"$(inherited)",
				);
				GCC_WARN_64_TO_32_BIT_CONVERSION = YES;
				GCC_WARN_ABOUT_RETURN_TYPE = YES_ERROR;
				GCC_WARN_UNDECLARED_SELECTOR = YES;
				GCC_WARN_UNINITIALIZED_AUTOS = YES_AGGRESSIVE;
				GCC_WARN_UNUSED_FUNCTION = YES;
				GCC_WARN_UNUSED_VARIABLE = YES;
				IPHONEOS_DEPLOYMENT_TARGET = 10.3;
				MTL_ENABLE_DEBUG_INFO = YES;
				ONLY_ACTIVE_ARCH = YES;
				SDKROOT = iphoneos;
				TARGETED_DEVICE_FAMILY = "1,2";
			};
			name = Debug;
		};
		2BA3C5681EEF26AE00665739 /* Release */ = {
			isa = XCBuildConfiguration;
			buildSettings = {
				ALWAYS_SEARCH_USER_PATHS = NO;
				CLANG_ANALYZER_NONNULL = YES;
				CLANG_ANALYZER_NUMBER_OBJECT_CONVERSION = YES_AGGRESSIVE;
				CLANG_CXX_LANGUAGE_STANDARD = "gnu++0x";
				CLANG_CXX_LIBRARY = "libc++";
				CLANG_ENABLE_MODULES = YES;
				CLANG_ENABLE_OBJC_ARC = YES;
				CLANG_WARN_BOOL_CONVERSION = YES;
				CLANG_WARN_CONSTANT_CONVERSION = YES;
				CLANG_WARN_DIRECT_OBJC_ISA_USAGE = YES_ERROR;
				CLANG_WARN_DOCUMENTATION_COMMENTS = YES;
				CLANG_WARN_EMPTY_BODY = YES;
				CLANG_WARN_ENUM_CONVERSION = YES;
				CLANG_WARN_INFINITE_RECURSION = YES;
				CLANG_WARN_INT_CONVERSION = YES;
				CLANG_WARN_OBJC_ROOT_CLASS = YES_ERROR;
				CLANG_WARN_SUSPICIOUS_MOVE = YES;
				CLANG_WARN_UNREACHABLE_CODE = YES;
				CLANG_WARN__DUPLICATE_METHOD_MATCH = YES;
				"CODE_SIGN_IDENTITY[sdk=iphoneos*]" = "iPhone Developer";
				COPY_PHASE_STRIP = NO;
				DEBUG_INFORMATION_FORMAT = "dwarf-with-dsym";
				ENABLE_NS_ASSERTIONS = NO;
				ENABLE_STRICT_OBJC_MSGSEND = YES;
				GCC_C_LANGUAGE_STANDARD = gnu99;
				GCC_NO_COMMON_BLOCKS = YES;
				GCC_WARN_64_TO_32_BIT_CONVERSION = YES;
				GCC_WARN_ABOUT_RETURN_TYPE = YES_ERROR;
				GCC_WARN_UNDECLARED_SELECTOR = YES;
				GCC_WARN_UNINITIALIZED_AUTOS = YES_AGGRESSIVE;
				GCC_WARN_UNUSED_FUNCTION = YES;
				GCC_WARN_UNUSED_VARIABLE = YES;
				IPHONEOS_DEPLOYMENT_TARGET = 10.3;
				MTL_ENABLE_DEBUG_INFO = NO;
				SDKROOT = iphoneos;
				TARGETED_DEVICE_FAMILY = "1,2";
				VALIDATE_PRODUCT = YES;
			};
			name = Release;
		};
		2BA3C56A1EEF26AE00665739 /* Debug */ = {
			isa = XCBuildConfiguration;
			baseConfigurationReference = 95A4ECCF6C5010C75F0197BE /* Pods-AOGoogleSDK-Adapter.debug.xcconfig */;
			buildSettings = {
				ASSETCATALOG_COMPILER_APPICON_NAME = AppIcon;
				DEVELOPMENT_TEAM = XNM36GWK3G;
				INFOPLIST_FILE = "AOGoogleSDK-Adapter/Info.plist";
				LD_RUNPATH_SEARCH_PATHS = "$(inherited) @executable_path/Frameworks";
				PRODUCT_BUNDLE_IDENTIFIER = "com.aorumbayev.AOGoogleSDK-Adapter";
				PRODUCT_NAME = "$(TARGET_NAME)";
			};
			name = Debug;
		};
		2BA3C56B1EEF26AE00665739 /* Release */ = {
			isa = XCBuildConfiguration;
			baseConfigurationReference = 1978C109350BF24391AE37CE /* Pods-AOGoogleSDK-Adapter.release.xcconfig */;
			buildSettings = {
				ASSETCATALOG_COMPILER_APPICON_NAME = AppIcon;
				DEVELOPMENT_TEAM = XNM36GWK3G;
				INFOPLIST_FILE = "AOGoogleSDK-Adapter/Info.plist";
				LD_RUNPATH_SEARCH_PATHS = "$(inherited) @executable_path/Frameworks";
				PRODUCT_BUNDLE_IDENTIFIER = "com.aorumbayev.AOGoogleSDK-Adapter";
				PRODUCT_NAME = "$(TARGET_NAME)";
			};
			name = Release;
		};
/* End XCBuildConfiguration section */

/* Begin XCConfigurationList section */
		2BA3C54D1EEF26AE00665739 /* Build configuration list for PBXProject "AOGoogleSDK-Adapter" */ = {
			isa = XCConfigurationList;
			buildConfigurations = (
				2BA3C5671EEF26AE00665739 /* Debug */,
				2BA3C5681EEF26AE00665739 /* Release */,
			);
			defaultConfigurationIsVisible = 0;
			defaultConfigurationName = Release;
		};
		2BA3C5691EEF26AE00665739 /* Build configuration list for PBXNativeTarget "AOGoogleSDK-Adapter" */ = {
			isa = XCConfigurationList;
			buildConfigurations = (
				2BA3C56A1EEF26AE00665739 /* Debug */,
				2BA3C56B1EEF26AE00665739 /* Release */,
			);
			defaultConfigurationIsVisible = 0;
		};
/* End XCConfigurationList section */
	};
	rootObject = 2BA3C54A1EEF26AE00665739 /* Project object */;
}
